
Microsoft Visual Studio Solution File, Format Version 12.00
# Visual Studio 15
VisualStudioVersion = 15.0.28307.421
MinimumVisualStudioVersion = 10.0.40219.1
Project("{8BC9CEB8-8B4A-11D0-8D11-00A0C91BC942}") = "02", "02\02.vcxproj", "{B8CF45C3-16E1-4E99-8CE6-A2A77A756D30}"
EndProject
Global
	GlobalSection(SolutionConfigurationPlatforms) = preSolution
		Debug|x64 = Debug|x64
		Debug|x86 = Debug|x86
		Release|x64 = Release|x64
		Release|x86 = Release|x86
	EndGlobalSection
	GlobalSection(ProjectConfigurationPlatforms) = postSolution
		{B8CF45C3-16E1-4E99-8CE6-A2A77A756D30}.Debug|x64.ActiveCfg = Debug|x64
		{B8CF45C3-16E1-4E99-8CE6-A2A77A756D30}.Debug|x64.Build.0 = Debug|x64
		{B8CF45C3-16E1-4E99-8CE6-A2A77A756D30}.Debug|x86.ActiveCfg = Debug|Win32
		{B8CF45C3-16E1-4E99-8CE6-A2A77A756D30}.Debug|x86.Build.0 = Debug|Win32
		{B8CF45C3-16E1-4E99-8CE6-A2A77A756D30}.Release|x64.ActiveCfg = Release|x64
		{B8CF45C3-16E1-4E99-8CE6-A2A77A756D30}.Release|x64.Build.0 = Release|x64
		{B8CF45C3-16E1-4E99-8CE6-A2A77A756D30}.Release|x86.ActiveCfg = Release|Win32
		{B8CF45C3-16E1-4E99-8CE6-A2A77A756D30}.Release|x86.Build.0 = Release|Win32
	EndGlobalSection
	GlobalSection(SolutionProperties) = preSolution
		HideSolutionNode = FALSE
	EndGlobalSection
	GlobalSection(ExtensibilityGlobals) = postSolution
		SolutionGuid = {DB7C1491-A2AC-48AC-BC94-99E06FD790EE}
	EndGlobalSection
EndGlobal
